
Microsoft Visual Studio Solution File, Format Version 12.00
# Visual Studio 15
VisualStudioVersion = 15.0.28307.489
MinimumVisualStudioVersion = 10.0.40219.1
Project("{FAE04EC0-301F-11D3-BF4B-00C04F79EFBC}") = "Csv", "Csv\Csv.csproj", "{F353D3C3-230C-4FD1-B4F0-F3CF50C57CDE}"
EndProject
Project("{FAE04EC0-301F-11D3-BF4B-00C04F79EFBC}") = "Program", "Program\Program.csproj", "{101292F9-FE52-4EBD-A8CB-50F55F9869DD}"
EndProject
Global
	GlobalSection(SolutionConfigurationPlatforms) = preSolution
		Debug|Any CPU = Debug|Any CPU
		Release|Any CPU = Release|Any CPU
	EndGlobalSection
	GlobalSection(ProjectConfigurationPlatforms) = postSolution
		{F353D3C3-230C-4FD1-B4F0-F3CF50C57CDE}.Debug|Any CPU.ActiveCfg = Debug|Any CPU
		{F353D3C3-230C-4FD1-B4F0-F3CF50C57CDE}.Debug|Any CPU.Build.0 = Debug|Any CPU
		{F353D3C3-230C-4FD1-B4F0-F3CF50C57CDE}.Release|Any CPU.ActiveCfg = Release|Any CPU
		{F353D3C3-230C-4FD1-B4F0-F3CF50C57CDE}.Release|Any CPU.Build.0 = Release|Any CPU
		{101292F9-FE52-4EBD-A8CB-50F55F9869DD}.Debug|Any CPU.ActiveCfg = Debug|Any CPU
		{101292F9-FE52-4EBD-A8CB-50F55F9869DD}.Debug|Any CPU.Build.0 = Debug|Any CPU
		{101292F9-FE52-4EBD-A8CB-50F55F9869DD}.Release|Any CPU.ActiveCfg = Release|Any CPU
		{101292F9-FE52-4EBD-A8CB-50F55F9869DD}.Release|Any CPU.Build.0 = Release|Any CPU
	EndGlobalSection
	GlobalSection(SolutionProperties) = preSolution
		HideSolutionNode = FALSE
	EndGlobalSection
	GlobalSection(ExtensibilityGlobals) = postSolution
		SolutionGuid = {F48E4CBF-F2F9-4FCF-81BE-062C21092604}
	EndGlobalSection
EndGlobal
